PODS:
  - ActionSheetPicker-3.0 (2.4.1)
  - AFNetworking (3.2.1):
    - AFNetworking/NSURLSession (= 3.2.1)
    - AFNetworking/Reachability (= 3.2.1)
    - AFNetworking/Security (= 3.2.1)
    - AFNetworking/Serialization (= 3.2.1)
    - AFNetworking/UIKit (= 3.2.1)
  - AFNetworking/NSURLSession (3.2.1):
    - AFNetworking/Reachability
    - AFNetworking/Security
    - AFNetworking/Serialization
  - AFNetworking/Reachability (3.2.1)
  - AFNetworking/Security (3.2.1)
  - AFNetworking/Serialization (3.2.1)
  - AFNetworking/UIKit (3.2.1):
    - AFNetworking/NSURLSession
  - AMapFoundation (1.6.1)
  - AMapLocation (2.6.4):
    - AMapFoundation (~> 1.6.1)
  - CocoaAsyncSocket (7.6.3)
  - CocoaLumberjack (2.3.0):
    - CocoaLumberjack/Default (= 2.3.0)
    - CocoaLumberjack/Extensions (= 2.3.0)
  - CocoaLumberjack/Core (2.3.0)
  - CocoaLumberjack/Default (2.3.0):
    - CocoaLumberjack/Core
  - CocoaLumberjack/Extensions (2.3.0):
    - CocoaLumberjack/Default
  - DACircularProgress (2.3.1)
  - FMDB/common (2.5)
  - FMDB/SQLCipher (2.5):
    - FMDB/common
    - SQLCipher
  - GTSDK (1.6.4.1)
  - HekrSDK/Core (3.4.1-beta):
    - AFNetworking (~> 3.0)
    - CocoaAsyncSocket (~> 7.4)
    - CocoaLumberjack (~> 2.3.0)
    - GTSDK (~> 1.6)
    - Masonry (~> 1.0.1)
    - SHAlertViewBlocks (~> 1.2.1)
    - SocketRocket (~> 0.4)
    - ZipArchive (~> 1.4)
  - IQKeyboardManager (6.5.4)
  - JSONModel (1.0.2)
  - LBXScan (1.1.1):
    - ZXingObjC (~> 3.0)
  - LCActionSheet (3.2.4):
    - Masonry (~> 1.0.2)
  - M13ProgressSuite (1.2.9)
  - Masonry (1.0.2)
  - MBProgressHUD (0.9.2)
  - MWPhotoBrowser (2.1.2):
    - DACircularProgress (~> 2.3)
    - MBProgressHUD (~> 0.9)
    - "SDWebImage (!= 3.7.2, ~> 3.7)"
  - pop (1.0.12)
  - ReactiveCocoa (2.5):
    - ReactiveCocoa/UI (= 2.5)
  - ReactiveCocoa/Core (2.5):
    - ReactiveCocoa/no-arc
  - ReactiveCocoa/no-arc (2.5)
  - ReactiveCocoa/UI (2.5):
    - ReactiveCocoa/Core
  - SAMKeychain (1.5.3)
  - SDWebImage (3.7.6):
    - SDWebImage/Core (= 3.7.6)
  - SDWebImage/Core (3.7.6)
  - SHAlertViewBlocks (1.2.1)
  - SocketRocket (0.5.1)
  - SQLCipher (4.3.0):
    - SQLCipher/standard (= 4.3.0)
  - SQLCipher/common (4.3.0)
  - SQLCipher/standard (4.3.0):
    - SQLCipher/common
  - XAspect (1.0.5):
    - XAspect/Core (= 1.0.5)
    - XAspect/Macros (= 1.0.5)
  - XAspect/Core (1.0.5):
    - XAspect/Macros
  - XAspect/Macros (1.0.5)
  - YYText (1.0.7)
  - ZipArchive (1.4.0)
  - ZXingObjC (3.6.5):
    - ZXingObjC/All (= 3.6.5)
  - ZXingObjC/All (3.6.5)

DEPENDENCIES:
  - ActionSheetPicker-3.0
  - AMapLocation
  - CocoaAsyncSocket
  - FMDB/common (~> 2.5)
  - FMDB/SQLCipher (~> 2.5)
  - HekrSDK/Core (from `https://raw.githubusercontent.com/HEKR-Cloud/HEKR-IOS-SDK/global2.0/HekrSDK.podspec`)
  - IQKeyboardManager
  - JSONModel (~> 1.0.1)
  - LBXScan (~> 1.1.1)
  - LCActionSheet
  - M13ProgressSuite (~> 1.2.7)
  - MBProgressHUD (~> 0.9)
  - MWPhotoBrowser
  - pop
  - ReactiveCocoa (~> 2.5)
  - SAMKeychain
  - SDWebImage (~> 3.7.5)
  - XAspect
  - YYText

SPEC REPOS:
  https://github.com/cocoapods/specs.git:
    - ActionSheetPicker-3.0
    - AFNetworking
    - AMapFoundation
    - AMapLocation
    - CocoaAsyncSocket
    - CocoaLumberjack
    - DACircularProgress
    - FMDB
    - GTSDK
    - IQKeyboardManager
    - JSONModel
    - LBXScan
    - LCActionSheet
    - M13ProgressSuite
    - Masonry
    - MBProgressHUD
    - MWPhotoBrowser
    - pop
    - ReactiveCocoa
    - SAMKeychain
    - SDWebImage
    - SHAlertViewBlocks
    - SocketRocket
    - SQLCipher
    - XAspect
    - YYText
    - ZipArchive
    - ZXingObjC

EXTERNAL SOURCES:
  HekrSDK:
    :podspec: https://raw.githubusercontent.com/HEKR-Cloud/HEKR-IOS-SDK/global2.0/HekrSDK.podspec

CHECKOUT OPTIONS:
  HekrSDK:
    :commit: e83fbf6a52f7fed0c247a2a03a417cab9ee3e94e
    :git: https://github.com/HEKR-Cloud/HEKR-IOS-SDK.git

SPEC CHECKSUMS:
  ActionSheetPicker-3.0: d236f0b663123e4b404a3bc04b338c1e805ac910
  AFNetworking: b6f891fdfaed196b46c7a83cf209e09697b94057
  AMapFoundation: df9a0ceec845ae2b5f57bdf9884666f2ed73bf5b
  AMapLocation: b4162db67f813508a14ee7e05c7ee4073785221d
  CocoaAsyncSocket: eafaa68a7e0ec99ead0a7b35015e0bf25d2c8987
  CocoaLumberjack: 97fab7ee5f507fe54445cca7ea80f926729cfd15
  DACircularProgress: 4dd437c0fc3da5161cb289e07ac449493d41db71
  FMDB: 96e8f1bcc1329e269330f99770ad4285d9003e52
  GTSDK: b27e433447371587c823353d37af981e4682c008
  HekrSDK: 9ed4d8c230ec82d06ba08e8e9bf398a660a66516
  IQKeyboardManager: 72b359cd7e777e3a984cedbe05f8da45320cbb63
  JSONModel: 6ffcb4ffa3659c9e9a2e5d45d6c7705bab187c03
  LBXScan: dfb4d8ae8e4cff2aa0c9e1771e43954dce1469a9
  LCActionSheet: 4ff1ddcb7b9f071c74d29ec2302975c38905496f
  M13ProgressSuite: ea9f7263e73e9215e6849dfa54e29ee0ad6a145c
  Masonry: 7c429b56da9d4ee0bbb3ed77a5ea710d6a5df39e
  MBProgressHUD: 1569cf7ace17a8bac47aabfbb8580a49690386d1
  MWPhotoBrowser: 5836d7aa041dc05a13de380c246826578adc5ea5
  pop: d582054913807fd11fd50bfe6a539d91c7e1a55a
  ReactiveCocoa: e2db045570aa97c695e7aa97c2bcab222ae51f4a
  SAMKeychain: 483e1c9f32984d50ca961e26818a534283b4cd5c
  SDWebImage: c325cf02c30337336b95beff20a13df489ec0ec9
  SHAlertViewBlocks: cf5b26019efa88190e5ce1a46878a99b545c1a62
  SocketRocket: d57c7159b83c3c6655745cd15302aa24b6bae531
  SQLCipher: d305a7bd9af4b64f095c79bdc1a1fa50f2a15116
  XAspect: db50bf487f92dbb8557a7a5365556966c8493af8
  YYText: 5c461d709e24d55a182d1441c41dc639a18a4849
  ZipArchive: e25a4373192673e3229ac8d6e9f64a3e5713c966
  ZXingObjC: fdbb269f25dd2032da343e06f10224d62f537bdb

PODFILE CHECKSUM: bff41f8149e04d9ef225ffff98192cabe9ca75c3

COCOAPODS: 1.5.3
